
Microsoft Visual Studio Solution File, Format Version 12.00
# Visual Studio Version 17
VisualStudioVersion = 17.14.36119.2 d17.14
MinimumVisualStudioVersion = 10.0.40219.1
Project("{FAE04EC0-301F-11D3-BF4B-00C04F79EFBC}") = "Constructor (Yapıcı) ve Destructor (Yıkıcı)2", "Constructor (Yapıcı) ve Destructor (Yıkıcı)2\Constructor (Yapıcı) ve Destructor (Yıkıcı)2.csproj", "{0B48CAA0-DE20-48F1-8BDA-359FE0BEC737}"
EndProject
Global
	GlobalSection(SolutionConfigurationPlatforms) = preSolution
		Debug|Any CPU = Debug|Any CPU
		Release|Any CPU = Release|Any CPU
	EndGlobalSection
	GlobalSection(ProjectConfigurationPlatforms) = postSolution
		{0B48CAA0-DE20-48F1-8BDA-359FE0BEC737}.Debug|Any CPU.ActiveCfg = Debug|Any CPU
		{0B48CAA0-DE20-48F1-8BDA-359FE0BEC737}.Debug|Any CPU.Build.0 = Debug|Any CPU
		{0B48CAA0-DE20-48F1-8BDA-359FE0BEC737}.Release|Any CPU.ActiveCfg = Release|Any CPU
		{0B48CAA0-DE20-48F1-8BDA-359FE0BEC737}.Release|Any CPU.Build.0 = Release|Any CPU
	EndGlobalSection
	GlobalSection(SolutionProperties) = preSolution
		HideSolutionNode = FALSE
	EndGlobalSection
	GlobalSection(ExtensibilityGlobals) = postSolution
		SolutionGuid = {78CF13B9-FEA1-4FAE-ADC4-9152799E27CA}
	EndGlobalSection
EndGlobal
